
Microsoft Visual Studio Solution File, Format Version 12.00
# Visual Studio Version 16
VisualStudioVersion = 16.0.29519.87
MinimumVisualStudioVersion = 10.0.40219.1
Project("{FAE04EC0-301F-11D3-BF4B-00C04F79EFBC}") = "FaceDetectionApp", "FaceDetectionApp\FaceDetectionApp.csproj", "{B20C8139-4D30-429E-8581-991F6901FA4B}"
EndProject
Global
	GlobalSection(SolutionConfigurationPlatforms) = preSolution
		Debug|Any CPU = Debug|Any CPU
		Release|Any CPU = Release|Any CPU
	EndGlobalSection
	GlobalSection(ProjectConfigurationPlatforms) = postSolution
		{B20C8139-4D30-429E-8581-991F6901FA4B}.Debug|Any CPU.ActiveCfg = Debug|Any CPU
		{B20C8139-4D30-429E-8581-991F6901FA4B}.Debug|Any CPU.Build.0 = Debug|Any CPU
		{B20C8139-4D30-429E-8581-991F6901FA4B}.Release|Any CPU.ActiveCfg = Release|Any CPU
		{B20C8139-4D30-429E-8581-991F6901FA4B}.Release|Any CPU.Build.0 = Release|Any CPU
	EndGlobalSection
	GlobalSection(SolutionProperties) = preSolution
		HideSolutionNode = FALSE
	EndGlobalSection
	GlobalSection(ExtensibilityGlobals) = postSolution
		SolutionGuid = {EFDEB3BB-47D2-441C-A643-CC0CCB0FFD11}
	EndGlobalSection
EndGlobal
